
Microsoft Visual Studio Solution File, Format Version 12.00
# Visual Studio Version 17
VisualStudioVersion = 17.2.32630.192
MinimumVisualStudioVersion = 10.0.40219.1
Project("{9A19103F-16F7-4668-BE54-9A1E7A4F7556}") = "DelegateTwoAssignment", "DelegateTwo\DelegateTwoAssignment.csproj", "{61BE47B4-9967-4E29-A3B7-23ECE1818E39}"
EndProject
Global
	GlobalSection(SolutionConfigurationPlatforms) = preSolution
		Debug|Any CPU = Debug|Any CPU
		Release|Any CPU = Release|Any CPU
	EndGlobalSection
	GlobalSection(ProjectConfigurationPlatforms) = postSolution
		{61BE47B4-9967-4E29-A3B7-23ECE1818E39}.Debug|Any CPU.ActiveCfg = Debug|Any CPU
		{61BE47B4-9967-4E29-A3B7-23ECE1818E39}.Debug|Any CPU.Build.0 = Debug|Any CPU
		{61BE47B4-9967-4E29-A3B7-23ECE1818E39}.Release|Any CPU.ActiveCfg = Release|Any CPU
		{61BE47B4-9967-4E29-A3B7-23ECE1818E39}.Release|Any CPU.Build.0 = Release|Any CPU
	EndGlobalSection
	GlobalSection(SolutionProperties) = preSolution
		HideSolutionNode = FALSE
	EndGlobalSection
	GlobalSection(ExtensibilityGlobals) = postSolution
		SolutionGuid = {810A64C3-C1C8-46A0-8690-1B5290DCA5DC}
	EndGlobalSection
EndGlobal
